
Microsoft Visual Studio Solution File, Format Version 12.00
# Visual Studio Version 16
VisualStudioVersion = 16.0.28922.388
MinimumVisualStudioVersion = 10.0.40219.1
Project("{FAE04EC0-301F-11D3-BF4B-00C04F79EFBC}") = "Less8", "Less8.csproj", "{B78BE616-5D4A-4A07-83EF-57470FB6C4C0}"
EndProject
Global
	GlobalSection(SolutionConfigurationPlatforms) = preSolution
		Debug|Any CPU = Debug|Any CPU
		Release|Any CPU = Release|Any CPU
	EndGlobalSection
	GlobalSection(ProjectConfigurationPlatforms) = postSolution
		{B78BE616-5D4A-4A07-83EF-57470FB6C4C0}.Debug|Any CPU.ActiveCfg = Debug|Any CPU
		{B78BE616-5D4A-4A07-83EF-57470FB6C4C0}.Debug|Any CPU.Build.0 = Debug|Any CPU
		{B78BE616-5D4A-4A07-83EF-57470FB6C4C0}.Release|Any CPU.ActiveCfg = Release|Any CPU
		{B78BE616-5D4A-4A07-83EF-57470FB6C4C0}.Release|Any CPU.Build.0 = Release|Any CPU
	EndGlobalSection
	GlobalSection(SolutionProperties) = preSolution
		HideSolutionNode = FALSE
	EndGlobalSection
	GlobalSection(ExtensibilityGlobals) = postSolution
		SolutionGuid = {10EA8BF6-AE9F-4426-B63B-FB3776D5FC47}
	EndGlobalSection
EndGlobal
